
Microsoft Visual Studio Solution File, Format Version 12.00
# Visual Studio Version 17
VisualStudioVersion = 17.6.33829.357
MinimumVisualStudioVersion = 10.0.40219.1
Project("{FAE04EC0-301F-11D3-BF4B-00C04F79EFBC}") = "Menu C# 2", "Menu C# 2.csproj", "{620EB3F2-1D54-4D1F-8D3E-9FD2FA15E2BC}"
EndProject
Global
	GlobalSection(SolutionConfigurationPlatforms) = preSolution
		Debug|Any CPU = Debug|Any CPU
		Release|Any CPU = Release|Any CPU
	EndGlobalSection
	GlobalSection(ProjectConfigurationPlatforms) = postSolution
		{620EB3F2-1D54-4D1F-8D3E-9FD2FA15E2BC}.Debug|Any CPU.ActiveCfg = Debug|Any CPU
		{620EB3F2-1D54-4D1F-8D3E-9FD2FA15E2BC}.Debug|Any CPU.Build.0 = Debug|Any CPU
		{620EB3F2-1D54-4D1F-8D3E-9FD2FA15E2BC}.Release|Any CPU.ActiveCfg = Release|Any CPU
		{620EB3F2-1D54-4D1F-8D3E-9FD2FA15E2BC}.Release|Any CPU.Build.0 = Release|Any CPU
	EndGlobalSection
	GlobalSection(SolutionProperties) = preSolution
		HideSolutionNode = FALSE
	EndGlobalSection
	GlobalSection(ExtensibilityGlobals) = postSolution
		SolutionGuid = {15402ED5-79BB-43F0-81F8-A2CF484F87B3}
	EndGlobalSection
EndGlobal
